
Microsoft Visual Studio Solution File, Format Version 12.00
# Visual Studio Version 17
VisualStudioVersion = 17.3.32811.315
MinimumVisualStudioVersion = 10.0.40219.1
Project("{9A19103F-16F7-4668-BE54-9A1E7A4F7556}") = "OnLib2", "OnLib2\OnLib2.csproj", "{0148DCDC-37AB-4226-A4B0-F9D994A948DE}"
EndProject
Global
	GlobalSection(SolutionConfigurationPlatforms) = preSolution
		Debug|Any CPU = Debug|Any CPU
		Release|Any CPU = Release|Any CPU
	EndGlobalSection
	GlobalSection(ProjectConfigurationPlatforms) = postSolution
		{0148DCDC-37AB-4226-A4B0-F9D994A948DE}.Debug|Any CPU.ActiveCfg = Debug|Any CPU
		{0148DCDC-37AB-4226-A4B0-F9D994A948DE}.Debug|Any CPU.Build.0 = Debug|Any CPU
		{0148DCDC-37AB-4226-A4B0-F9D994A948DE}.Release|Any CPU.ActiveCfg = Release|Any CPU
		{0148DCDC-37AB-4226-A4B0-F9D994A948DE}.Release|Any CPU.Build.0 = Release|Any CPU
	EndGlobalSection
	GlobalSection(SolutionProperties) = preSolution
		HideSolutionNode = FALSE
	EndGlobalSection
	GlobalSection(ExtensibilityGlobals) = postSolution
		SolutionGuid = {8ACB0CAB-B4ED-4035-A3C6-659C40905E68}
	EndGlobalSection
EndGlobal
